// !$*UTF8*$!
{
	archiveVersion = 1;
	classes = {
	};
	objectVersion = 46;
	objects = {

/* Begin PBXBuildFile section */
		66899CCA1530F25A00F7F5CA /* UIKit.framework in Frameworks */ = {isa = PBXBuildFile; fileRef = 66899CC91530F25A00F7F5CA /* UIKit.framework */; };
		66899CCC1530F25A00F7F5CA /* Foundation.framework in Frameworks */ = {isa = PBXBuildFile; fileRef = 66899CCB1530F25A00F7F5CA /* Foundation.framework */; };
		66899CCE1530F25A00F7F5CA /* CoreGraphics.framework in Frameworks */ = {isa = PBXBuildFile; fileRef = 66899CCD1530F25A00F7F5CA /* CoreGraphics.framework */; };
		66899CD41530F25A00F7F5CA /* InfoPlist.strings in Resources */ = {isa = PBXBuildFile; fileRef = 66899CD21530F25A00F7F5CA /* InfoPlist.strings */; };
		66899CD61530F25A00F7F5CA /* main.m in Sources */ = {isa = PBXBuildFile; fileRef = 66899CD51530F25A00F7F5CA /* main.m */; };
		66899CDA1530F25A00F7F5CA /* AppDelegate.m in Sources */ = {isa = PBXBuildFile; fileRef = 66899CD91530F25A00F7F5CA /* AppDelegate.m */; };
		66899CDD1530F25A00F7F5CA /* MainStoryboard.storyboard in Resources */ = {isa = PBXBuildFile; fileRef = 66899CDB1530F25A00F7F5CA /* MainStoryboard.storyboard */; };
		66899CE81530F2B100F7F5CA /* CustomizeViewController.m in Sources */ = {isa = PBXBuildFile; fileRef = 66899CE71530F2B100F7F5CA /* CustomizeViewController.m */; };
		66899CEB1530F33700F7F5CA /* Inspection.m in Sources */ = {isa = PBXBuildFile; fileRef = 66899CEA1530F33700F7F5CA /* Inspection.m */; };
		66899CEE1530F34300F7F5CA /* Section.m in Sources */ = {isa = PBXBuildFile; fileRef = 66899CED1530F34300F7F5CA /* Section.m */; };
		66899CF21530F35D00F7F5CA /* Question.m in Sources */ = {isa = PBXBuildFile; fileRef = 66899CF11530F35D00F7F5CA /* Question.m */; };
/* End PBXBuildFile section */

/* Begin PBXFileReference section */
		66899CC51530F25A00F7F5CA /* EditTable.app */ = {isa = PBXFileReference; explicitFileType = wrapper.application; includeInIndex = 0; path = EditTable.app; sourceTree = BUILT_PRODUCTS_DIR; };
		66899CC91530F25A00F7F5CA /* UIKit.framework */ = {isa = PBXFileReference; lastKnownFileType = wrapper.framework; name = UIKit.framework; path = System/Library/Frameworks/UIKit.framework; sourceTree = SDKROOT; };
		66899CCB1530F25A00F7F5CA /* Foundation.framework */ = {isa = PBXFileReference; lastKnownFileType = wrapper.framework; name = Foundation.framework; path = System/Library/Frameworks/Foundation.framework; sourceTree = SDKROOT; };
		66899CCD1530F25A00F7F5CA /* CoreGraphics.framework */ = {isa = PBXFileReference; lastKnownFileType = wrapper.framework; name = CoreGraphics.framework; path = System/Library/Frameworks/CoreGraphics.framework; sourceTree = SDKROOT; };
		66899CD11530F25A00F7F5CA /* EditTable-Info.plist */ = {isa = PBXFileReference; lastKnownFileType = text.plist.xml; path = "EditTable-Info.plist"; sourceTree = "<group>"; };
		66899CD31530F25A00F7F5CA /* en */ = {isa = PBXFileReference; lastKnownFileType = text.plist.strings; name = en; path = en.lproj/InfoPlist.strings; sourceTree = "<group>"; };
		66899CD51530F25A00F7F5CA /* main.m */ = {isa = PBXFileReference; lastKnownFileType = sourcecode.c.objc; path = main.m; sourceTree = "<group>"; };
		66899CD71530F25A00F7F5CA /* EditTable-Prefix.pch */ = {isa = PBXFileReference; lastKnownFileType = sourcecode.c.h; path = "EditTable-Prefix.pch"; sourceTree = "<group>"; };
		66899CD81530F25A00F7F5CA /* AppDelegate.h */ = {isa = PBXFileReference; lastKnownFileType = sourcecode.c.h; path = AppDelegate.h; sourceTree = "<group>"; };
		66899CD91530F25A00F7F5CA /* AppDelegate.m */ = {isa = PBXFileReference; lastKnownFileType = sourcecode.c.objc; path = AppDelegate.m; sourceTree = "<group>"; };
		66899CDC1530F25A00F7F5CA /* en */ = {isa = PBXFileReference; lastKnownFileType = file.storyboard; name = en; path = en.lproj/MainStoryboard.storyboard; sourceTree = "<group>"; };
		66899CE61530F2B100F7F5CA /* CustomizeViewController.h */ = {isa = PBXFileReference; fileEncoding = 4; lastKnownFileType = sourcecode.c.h; path = CustomizeViewController.h; sourceTree = "<group>"; };
		66899CE71530F2B100F7F5CA /* CustomizeViewController.m */ = {isa = PBXFileReference; fileEncoding = 4; lastKnownFileType = sourcecode.c.objc; path = CustomizeViewController.m; sourceTree = "<group>"; };
		66899CE91530F33700F7F5CA /* Inspection.h */ = {isa = PBXFileReference; fileEncoding = 4; lastKnownFileType = sourcecode.c.h; path = Inspection.h; sourceTree = "<group>"; };
		66899CEA1530F33700F7F5CA /* Inspection.m */ = {isa = PBXFileReference; fileEncoding = 4; lastKnownFileType = sourcecode.c.objc; path = Inspection.m; sourceTree = "<group>"; };
		66899CEC1530F34300F7F5CA /* Section.h */ = {isa = PBXFileReference; fileEncoding = 4; lastKnownFileType = sourcecode.c.h; name = Section.h; path = ../Section.h; sourceTree = "<group>"; };
		66899CED1530F34300F7F5CA /* Section.m */ = {isa = PBXFileReference; fileEncoding = 4; lastKnownFileType = sourcecode.c.objc; name = Section.m; path = ../Section.m; sourceTree = "<group>"; };
		66899CF01530F35D00F7F5CA /* Question.h */ = {isa = PBXFileReference; fileEncoding = 4; lastKnownFileType = sourcecode.c.h; path = Question.h; sourceTree = "<group>"; };
		66899CF11530F35D00F7F5CA /* Question.m */ = {isa = PBXFileReference; fileEncoding = 4; lastKnownFileType = sourcecode.c.objc; path = Question.m; sourceTree = "<group>"; };
/* End PBXFileReference section */

/* Begin PBXFrameworksBuildPhase section */
		66899CC21530F25A00F7F5CA /* Frameworks */ = {
			isa = PBXFrameworksBuildPhase;
			buildActionMask = 2147483647;
			files = (
				66899CCA1530F25A00F7F5CA /* UIKit.framework in Frameworks */,
				66899CCC1530F25A00F7F5CA /* Foundation.framework in Frameworks */,
				66899CCE1530F25A00F7F5CA /* CoreGraphics.framework in Frameworks */,
			);
			runOnlyForDeploymentPostprocessing = 0;
		};
/* End PBXFrameworksBuildPhase section */

/* Begin PBXGroup section */
		66899CBA1530F25A00F7F5CA = {
			isa = PBXGroup;
			children = (
				66899CCF1530F25A00F7F5CA /* EditTable */,
				66899CC81530F25A00F7F5CA /* Frameworks */,
				66899CC61530F25A00F7F5CA /* Products */,
			);
			sourceTree = "<group>";
		};
		66899CC61530F25A00F7F5CA /* Products */ = {
			isa = PBXGroup;
			children = (
				66899CC51530F25A00F7F5CA /* EditTable.app */,
			);
			name = Products;
			sourceTree = "<group>";
		};
		66899CC81530F25A00F7F5CA /* Frameworks */ = {
			isa = PBXGroup;
			children = (
				66899CC91530F25A00F7F5CA /* UIKit.framework */,
				66899CCB1530F25A00F7F5CA /* Foundation.framework */,
				66899CCD1530F25A00F7F5CA /* CoreGraphics.framework */,
			);
			name = Frameworks;
			sourceTree = "<group>";
		};
		66899CCF1530F25A00F7F5CA /* EditTable */ = {
			isa = PBXGroup;
			children = (
				66899CEF1530F34900F7F5CA /* Domain */,
				66899CD81530F25A00F7F5CA /* AppDelegate.h */,
				66899CD91530F25A00F7F5CA /* AppDelegate.m */,
				66899CDB1530F25A00F7F5CA /* MainStoryboard.storyboard */,
				66899CD01530F25A00F7F5CA /* Supporting Files */,
				66899CE61530F2B100F7F5CA /* CustomizeViewController.h */,
				66899CE71530F2B100F7F5CA /* CustomizeViewController.m */,
			);
			path = EditTable;
			sourceTree = "<group>";
		};
		66899CD01530F25A00F7F5CA /* Supporting Files */ = {
			isa = PBXGroup;
			children = (
				66899CD11530F25A00F7F5CA /* EditTable-Info.plist */,
				66899CD21530F25A00F7F5CA /* InfoPlist.strings */,
				66899CD51530F25A00F7F5CA /* main.m */,
				66899CD71530F25A00F7F5CA /* EditTable-Prefix.pch */,
			);
			name = "Supporting Files";
			sourceTree = "<group>";
		};
		66899CEF1530F34900F7F5CA /* Domain */ = {
			isa = PBXGroup;
			children = (
				66899CEC1530F34300F7F5CA /* Section.h */,
				66899CED1530F34300F7F5CA /* Section.m */,
				66899CE91530F33700F7F5CA /* Inspection.h */,
				66899CEA1530F33700F7F5CA /* Inspection.m */,
				66899CF01530F35D00F7F5CA /* Question.h */,
				66899CF11530F35D00F7F5CA /* Question.m */,
			);
			name = Domain;
			sourceTree = "<group>";
		};
/* End PBXGroup section */

/* Begin PBXNativeTarget section */
		66899CC41530F25A00F7F5CA /* EditTable */ = {
			isa = PBXNativeTarget;
			buildConfigurationList = 66899CE31530F25A00F7F5CA /* Build configuration list for PBXNativeTarget "EditTable" */;
			buildPhases = (
				66899CC11530F25A00F7F5CA /* Sources */,
				66899CC21530F25A00F7F5CA /* Frameworks */,
				66899CC31530F25A00F7F5CA /* Resources */,
			);
			buildRules = (
			);
			dependencies = (
			);
			name = EditTable;
			productName = EditTable;
			productReference = 66899CC51530F25A00F7F5CA /* EditTable.app */;
			productType = "com.apple.product-type.application";
		};
/* End PBXNativeTarget section */

/* Begin PBXProject section */
		66899CBC1530F25A00F7F5CA /* Project object */ = {
			isa = PBXProject;
			attributes = {
				LastUpgradeCheck = 0430;
			};
			buildConfigurationList = 66899CBF1530F25A00F7F5CA /* Build configuration list for PBXProject "EditTable" */;
			compatibilityVersion = "Xcode 3.2";
			developmentRegion = English;
			hasScannedForEncodings = 0;
			knownRegions = (
				en,
			);
			mainGroup = 66899CBA1530F25A00F7F5CA;
			productRefGroup = 66899CC61530F25A00F7F5CA /* Products */;
			projectDirPath = "";
			projectRoot = "";
			targets = (
				66899CC41530F25A00F7F5CA /* EditTable */,
			);
		};
/* End PBXProject section */

/* Begin PBXResourcesBuildPhase section */
		66899CC31530F25A00F7F5CA /* Resources */ = {
			isa = PBXResourcesBuildPhase;
			buildActionMask = 2147483647;
			files = (
				66899CD41530F25A00F7F5CA /* InfoPlist.strings in Resources */,
				66899CDD1530F25A00F7F5CA /* MainStoryboard.storyboard in Resources */,
			);
			runOnlyForDeploymentPostprocessing = 0;
		};
/* End PBXResourcesBuildPhase section */

/* Begin PBXSourcesBuildPhase section */
		66899CC11530F25A00F7F5CA /* Sources */ = {
			isa = PBXSourcesBuildPhase;
			buildActionMask = 2147483647;
			files = (
				66899CD61530F25A00F7F5CA /* main.m in Sources */,
				66899CDA1530F25A00F7F5CA /* AppDelegate.m in Sources */,
				66899CE81530F2B100F7F5CA /* CustomizeViewController.m in Sources */,
				66899CEB1530F33700F7F5CA /* Inspection.m in Sources */,
				66899CEE1530F34300F7F5CA /* Section.m in Sources */,
				66899CF21530F35D00F7F5CA /* Question.m in Sources */,
			);
			runOnlyForDeploymentPostprocessing = 0;
		};
/* End PBXSourcesBuildPhase section */

/* Begin PBXVariantGroup section */
		66899CD21530F25A00F7F5CA /* InfoPlist.strings */ = {
			isa = PBXVariantGroup;
			children = (
				66899CD31530F25A00F7F5CA /* en */,
			);
			name = InfoPlist.strings;
			sourceTree = "<group>";
		};
		66899CDB1530F25A00F7F5CA /* MainStoryboard.storyboard */ = {
			isa = PBXVariantGroup;
			children = (
				66899CDC1530F25A00F7F5CA /* en */,
			);
			name = MainStoryboard.storyboard;
			sourceTree = "<group>";
		};
/* End PBXVariantGroup section */

/* Begin XCBuildConfiguration section */
		66899CE11530F25A00F7F5CA /* Debug */ = {
			isa = XCBuildConfiguration;
			buildSettings = {
				ALWAYS_SEARCH_USER_PATHS = NO;
				ARCHS = "$(ARCHS_STANDARD_32_BIT)";
				CLANG_ENABLE_OBJC_ARC = YES;
				"CODE_SIGN_IDENTITY[sdk=iphoneos*]" = "iPhone Developer";
				COPY_PHASE_STRIP = NO;
				GCC_C_LANGUAGE_STANDARD = gnu99;
				GCC_DYNAMIC_NO_PIC = NO;
				GCC_OPTIMIZATION_LEVEL = 0;
				GCC_PREPROCESSOR_DEFINITIONS = (
					"DEBUG=1",
					"$(inherited)",
				);
				GCC_SYMBOLS_PRIVATE_EXTERN = NO;
				GCC_VERSION = com.apple.compilers.llvm.clang.1_0;
				GCC_WARN_ABOUT_RETURN_TYPE = YES;
				GCC_WARN_UNINITIALIZED_AUTOS = YES;
				GCC_WARN_UNUSED_VARIABLE = YES;
				IPHONEOS_DEPLOYMENT_TARGET = 5.1;
				SDKROOT = iphoneos;
				TARGETED_DEVICE_FAMILY = 2;
			};
			name = Debug;
		};
		66899CE21530F25A00F7F5CA /* Release */ = {
			isa = XCBuildConfiguration;
			buildSettings = {
				ALWAYS_SEARCH_USER_PATHS = NO;
				ARCHS = "$(ARCHS_STANDARD_32_BIT)";
				CLANG_ENABLE_OBJC_ARC = YES;
				"CODE_SIGN_IDENTITY[sdk=iphoneos*]" = "iPhone Developer";
				COPY_PHASE_STRIP = YES;
				GCC_C_LANGUAGE_STANDARD = gnu99;
				GCC_VERSION = com.apple.compilers.llvm.clang.1_0;
				GCC_WARN_ABOUT_RETURN_TYPE = YES;
				GCC_WARN_UNINITIALIZED_AUTOS = YES;
				GCC_WARN_UNUSED_VARIABLE = YES;
				IPHONEOS_DEPLOYMENT_TARGET = 5.1;
				OTHER_CFLAGS = "-DNS_BLOCK_ASSERTIONS=1";
				SDKROOT = iphoneos;
				TARGETED_DEVICE_FAMILY = 2;
				VALIDATE_PRODUCT = YES;
			};
			name = Release;
		};
		66899CE41530F25A00F7F5CA /* Debug */ = {
			isa = XCBuildConfiguration;
			buildSettings = {
				GCC_PRECOMPILE_PREFIX_HEADER = YES;
				GCC_PREFIX_HEADER = "EditTable/EditTable-Prefix.pch";
				INFOPLIST_FILE = "EditTable/EditTable-Info.plist";
				PRODUCT_NAME = "$(TARGET_NAME)";
				WRAPPER_EXTENSION = app;
			};
			name = Debug;
		};
		66899CE51530F25A00F7F5CA /* Release */ = {
			isa = XCBuildConfiguration;
			buildSettings = {
				GCC_PRECOMPILE_PREFIX_HEADER = YES;
				GCC_PREFIX_HEADER = "EditTable/EditTable-Prefix.pch";
				INFOPLIST_FILE = "EditTable/EditTable-Info.plist";
				PRODUCT_NAME = "$(TARGET_NAME)";
				WRAPPER_EXTENSION = app;
			};
			name = Release;
		};
/* End XCBuildConfiguration section */

/* Begin XCConfigurationList section */
		66899CBF1530F25A00F7F5CA /* Build configuration list for PBXProject "EditTable" */ = {
			isa = XCConfigurationList;
			buildConfigurations = (
				66899CE11530F25A00F7F5CA /* Debug */,
				66899CE21530F25A00F7F5CA /* Release */,
			);
			defaultConfigurationIsVisible = 0;
			defaultConfigurationName = Release;
		};
		66899CE31530F25A00F7F5CA /* Build configuration list for PBXNativeTarget "EditTable" */ = {
			isa = XCConfigurationList;
			buildConfigurations = (
				66899CE41530F25A00F7F5CA /* Debug */,
				66899CE51530F25A00F7F5CA /* Release */,
			);
			defaultConfigurationIsVisible = 0;
		};
/* End XCConfigurationList section */
	};
	rootObject = 66899CBC1530F25A00F7F5CA /* Project object */;
}
